{
  "name": "new-app",
  "version": "0.1.0",
  "lockfileVersion": 1,
  "requires": true,
  "dependencies": {
    "mobx": {
      "version": "5.0.3",
      "resolved": "http://registry.npm.taobao.org/mobx/download/mobx-5.0.3.tgz"
    },
    "mobx-react": {
      "version": "5.2.3",
      "resolved": "http://registry.npm.taobao.org/mobx-react/download/mobx-react-5.2.3.tgz",
      "requires": {
        "hoist-non-react-statics": "2.5.5",
        "react-lifecycles-compat": "3.0.4"
      },
      "dependencies": {
        "hoist-non-react-statics": {
          "version": "2.5.5",
          "resolved": "http://registry.npm.taobao.org/hoist-non-react-statics/download/hoist-non-react-statics-2.5.5.tgz"
        },
        "react": {
          "version": "http://registry.npm.taobao.org/react/download/react-16.4.2.tgz",
          "requires": {
            "fbjs": "0.8.17",
            "loose-envify": "1.4.0",
            "object-assign": "4.1.1",
            "prop-types": "15.6.2"
          },
          "dependencies": {
            "fbjs": {
              "version": "0.8.17",
              "resolved": "http://registry.npm.taobao.org/fbjs/download/fbjs-0.8.17.tgz",
              "requires": {
                "core-js": "1.2.7",
                "isomorphic-fetch": "2.2.1",
                "loose-envify": "1.4.0",
                "object-assign": "4.1.1",
                "promise": "7.3.1",
                "setimmediate": "1.0.5",
                "ua-parser-js": "0.7.18"
              },
              "dependencies": {
                "core-js": {
                  "version": "1.2.7",
                  "resolved": "http://registry.npm.taobao.org/core-js/download/core-js-1.2.7.tgz"
                },
                "isomorphic-fetch": {
                  "version": "2.2.1",
                  "resolved": "http://registry.npm.taobao.org/isomorphic-fetch/download/isomorphic-fetch-2.2.1.tgz",
                  "requires": {
                    "node-fetch": "1.7.3",
                    "whatwg-fetch": "2.0.4"
                  },
                  "dependencies": {
                    "node-fetch": {
                      "version": "1.7.3",
                      "resolved": "http://registry.npm.taobao.org/node-fetch/download/node-fetch-1.7.3.tgz",
                      "requires": {
                        "encoding": "0.1.12",
                        "is-stream": "1.1.0"
                      },
                      "dependencies": {
                        "encoding": {
                          "version": "0.1.12",
                          "resolved": "http://registry.npm.taobao.org/encoding/download/encoding-0.1.12.tgz",
                          "requires": {
                            "iconv-lite": "0.4.23"
                          },
                          "dependencies": {
                            "iconv-lite": {
                              "version": "0.4.23",
                              "resolved": "http://registry.npm.taobao.org/iconv-lite/download/iconv-lite-0.4.23.tgz",
                              "requires": {
                                "safer-buffer": "2.1.2"
                              },
                              "dependencies": {
                                "safer-buffer": {
                                  "version": "2.1.2",
                                  "resolved": "http://registry.npm.taobao.org/safer-buffer/download/safer-buffer-2.1.2.tgz"
                                }
                              }
                            }
                          }
                        },
                        "is-stream": {
                          "version": "1.1.0",
                          "resolved": "http://registry.npm.taobao.org/is-stream/download/is-stream-1.1.0.tgz"
                        }
                      }
                    },
                    "whatwg-fetch": {
                      "version": "2.0.4",
                      "resolved": "http://registry.npm.taobao.org/whatwg-fetch/download/whatwg-fetch-2.0.4.tgz"
                    }
                  }
                },
                "loose-envify": {
                  "version": "1.4.0",
                  "resolved": "http://registry.npm.taobao.org/loose-envify/download/loose-envify-1.4.0.tgz",
                  "requires": {
                    "js-tokens": "4.0.0"
                  },
                  "dependencies": {
                    "js-tokens": {
                      "version": "4.0.0",
                      "resolved": "http://registry.npm.taobao.org/js-tokens/download/js-tokens-4.0.0.tgz"
                    }
                  }
                },
                "object-assign": {
                  "version": "4.1.1",
                  "resolved": "http://registry.npm.taobao.org/object-assign/download/object-assign-4.1.1.tgz"
                },
                "promise": {
                  "version": "7.3.1",
                  "resolved": "http://registry.npm.taobao.org/promise/download/promise-7.3.1.tgz",
                  "requires": {
                    "asap": "2.0.6"
                  },
                  "dependencies": {
                    "asap": {
                      "version": "2.0.6",
                      "resolved": "http://registry.npm.taobao.org/asap/download/asap-2.0.6.tgz"
                    }
                  }
                },
                "setimmediate": {
                  "version": "1.0.5",
                  "resolved": "http://registry.npm.taobao.org/setimmediate/download/setimmediate-1.0.5.tgz"
                },
                "ua-parser-js": {
                  "version": "0.7.18",
                  "resolved": "http://registry.npm.taobao.org/ua-parser-js/download/ua-parser-js-0.7.18.tgz"
                }
              }
            },
            "loose-envify": {
              "version": "1.4.0",
              "resolved": "http://registry.npm.taobao.org/loose-envify/download/loose-envify-1.4.0.tgz",
              "requires": {
                "js-tokens": "4.0.0"
              },
              "dependencies": {
                "js-tokens": {
                  "version": "4.0.0",
                  "resolved": "http://registry.npm.taobao.org/js-tokens/download/js-tokens-4.0.0.tgz"
                }
              }
            },
            "object-assign": {
              "version": "4.1.1",
              "resolved": "http://registry.npm.taobao.org/object-assign/download/object-assign-4.1.1.tgz"
            },
            "prop-types": {
              "version": "15.6.2",
              "resolved": "http://registry.npm.taobao.org/prop-types/download/prop-types-15.6.2.tgz",
              "requires": {
                "loose-envify": "1.4.0",
                "object-assign": "4.1.1"
              },
              "dependencies": {
                "loose-envify": {
                  "version": "1.4.0",
                  "resolved": "http://registry.npm.taobao.org/loose-envify/download/loose-envify-1.4.0.tgz",
                  "requires": {
                    "js-tokens": "4.0.0"
                  },
                  "dependencies": {
                    "js-tokens": {
                      "version": "4.0.0",
                      "resolved": "http://registry.npm.taobao.org/js-tokens/download/js-tokens-4.0.0.tgz"
                    }
                  }
                },
                "object-assign": {
                  "version": "4.1.1",
                  "resolved": "http://registry.npm.taobao.org/object-assign/download/object-assign-4.1.1.tgz"
                }
              }
            }
          }
        },
        "react-lifecycles-compat": {
          "version": "3.0.4",
          "resolved": "http://registry.npm.taobao.org/react-lifecycles-compat/download/react-lifecycles-compat-3.0.4.tgz"
        }
      }
    },
    "redux-saga": {
      "version": "0.16.2",
      "resolved": "https://registry.npmjs.org/redux-saga/-/redux-saga-0.16.2.tgz",
      "integrity": "sha512-iIjKnRThI5sKPEASpUvySemjzwqwI13e3qP7oLub+FycCRDysLSAOwt958niZW6LhxfmS6Qm1BzbU70w/Koc4w=="
    }
  }
}
